
Microsoft Visual Studio Solution File, Format Version 12.00
# Visual Studio Version 17
VisualStudioVersion = 17.9.34902.65
MinimumVisualStudioVersion = 10.0.40219.1
Project("{FAE04EC0-301F-11D3-BF4B-00C04F79EFBC}") = "ReCallVocabulary", "ReCallVocabulary.csproj", "{C85CE741-292C-43CC-ADC4-B1B14E7764BF}"
EndProject
Global
	GlobalSection(SolutionConfigurationPlatforms) = preSolution
		Debug|Any CPU = Debug|Any CPU
		Release|Any CPU = Release|Any CPU
	EndGlobalSection
	GlobalSection(ProjectConfigurationPlatforms) = postSolution
		{C85CE741-292C-43CC-ADC4-B1B14E7764BF}.Debug|Any CPU.ActiveCfg = Debug|Any CPU
		{C85CE741-292C-43CC-ADC4-B1B14E7764BF}.Debug|Any CPU.Build.0 = Debug|Any CPU
		{C85CE741-292C-43CC-ADC4-B1B14E7764BF}.Debug|Any CPU.Deploy.0 = Debug|Any CPU
		{C85CE741-292C-43CC-ADC4-B1B14E7764BF}.Release|Any CPU.ActiveCfg = Release|Any CPU
		{C85CE741-292C-43CC-ADC4-B1B14E7764BF}.Release|Any CPU.Build.0 = Release|Any CPU
		{C85CE741-292C-43CC-ADC4-B1B14E7764BF}.Release|Any CPU.Deploy.0 = Release|Any CPU
	EndGlobalSection
	GlobalSection(SolutionProperties) = preSolution
		HideSolutionNode = FALSE
	EndGlobalSection
	GlobalSection(ExtensibilityGlobals) = postSolution
		SolutionGuid = {41BA3B4A-B59A-468D-8156-64F9B2219717}
	EndGlobalSection
EndGlobal
